
Microsoft Visual Studio Solution File, Format Version 12.00
# Visual Studio Version 16
VisualStudioVersion = 16.0.30503.244
MinimumVisualStudioVersion = 10.0.40219.1
Project("{FAE04EC0-301F-11D3-BF4B-00C04F79EFBC}") = "BullTab", "BullTab\BullTab.csproj", "{D05FB18B-13F6-45D1-A2DB-A03DD5C51E8D}"
EndProject
Global
	GlobalSection(SolutionConfigurationPlatforms) = preSolution
		Debug|Any CPU = Debug|Any CPU
		Release|Any CPU = Release|Any CPU
	EndGlobalSection
	GlobalSection(ProjectConfigurationPlatforms) = postSolution
		{D05FB18B-13F6-45D1-A2DB-A03DD5C51E8D}.Debug|Any CPU.ActiveCfg = Debug|Any CPU
		{D05FB18B-13F6-45D1-A2DB-A03DD5C51E8D}.Debug|Any CPU.Build.0 = Debug|Any CPU
		{D05FB18B-13F6-45D1-A2DB-A03DD5C51E8D}.Release|Any CPU.ActiveCfg = Release|Any CPU
		{D05FB18B-13F6-45D1-A2DB-A03DD5C51E8D}.Release|Any CPU.Build.0 = Release|Any CPU
	EndGlobalSection
	GlobalSection(SolutionProperties) = preSolution
		HideSolutionNode = FALSE
	EndGlobalSection
	GlobalSection(ExtensibilityGlobals) = postSolution
		SolutionGuid = {CABF8F2E-289D-474B-BDA7-1D9DD756F40B}
	EndGlobalSection
EndGlobal
